
Microsoft Visual Studio Solution File, Format Version 12.00
# Visual Studio Version 17
VisualStudioVersion = 17.4.33205.214
MinimumVisualStudioVersion = 10.0.40219.1
Project("{9A19103F-16F7-4668-BE54-9A1E7A4F7556}") = "AcademicPerformanceMonitoring", "AcademicPerformanceMonitoring\AcademicPerformanceMonitoring.csproj", "{5FED6E85-B110-4659-9BBC-026F852C490C}"
EndProject
Project("{FAE04EC0-301F-11D3-BF4B-00C04F79EFBC}") = "UITestsForAcademicPerformanceMonitoring", "UITestsForAcademicPerformanceMonitoring\UITestsForAcademicPerformanceMonitoring.csproj", "{4EED6ABD-8B2D-4F6C-9F52-8DFFDF7A1570}"
EndProject
Global
	GlobalSection(SolutionConfigurationPlatforms) = preSolution
		Debug|Any CPU = Debug|Any CPU
		Release|Any CPU = Release|Any CPU
	EndGlobalSection
	GlobalSection(ProjectConfigurationPlatforms) = postSolution
		{5FED6E85-B110-4659-9BBC-026F852C490C}.Debug|Any CPU.ActiveCfg = Debug|Any CPU
		{5FED6E85-B110-4659-9BBC-026F852C490C}.Debug|Any CPU.Build.0 = Debug|Any CPU
		{5FED6E85-B110-4659-9BBC-026F852C490C}.Release|Any CPU.ActiveCfg = Release|Any CPU
		{5FED6E85-B110-4659-9BBC-026F852C490C}.Release|Any CPU.Build.0 = Release|Any CPU
		{4EED6ABD-8B2D-4F6C-9F52-8DFFDF7A1570}.Debug|Any CPU.ActiveCfg = Debug|Any CPU
		{4EED6ABD-8B2D-4F6C-9F52-8DFFDF7A1570}.Debug|Any CPU.Build.0 = Debug|Any CPU
		{4EED6ABD-8B2D-4F6C-9F52-8DFFDF7A1570}.Release|Any CPU.ActiveCfg = Release|Any CPU
		{4EED6ABD-8B2D-4F6C-9F52-8DFFDF7A1570}.Release|Any CPU.Build.0 = Release|Any CPU
	EndGlobalSection
	GlobalSection(SolutionProperties) = preSolution
		HideSolutionNode = FALSE
	EndGlobalSection
	GlobalSection(ExtensibilityGlobals) = postSolution
		SolutionGuid = {8487FF24-FE52-4F5D-8774-4EFDA89C35DE}
	EndGlobalSection
EndGlobal
